
Microsoft Visual Studio Solution File, Format Version 12.00
# Visual Studio Version 16
VisualStudioVersion = 16.0.30330.147
MinimumVisualStudioVersion = 10.0.40219.1
Project("{9A19103F-16F7-4668-BE54-9A1E7A4F7556}") = "XOGame3D", "XOGame3D\XOGame3D.csproj", "{158C97A0-868A-467B-B0D8-865BBF4ED035}"
EndProject
Project("{9A19103F-16F7-4668-BE54-9A1E7A4F7556}") = "ConsoleUI", "ClrUI\ConsoleUI.csproj", "{24C92EBB-0323-42A3-90DA-69733C9002F6}"
EndProject
Project("{FAE04EC0-301F-11D3-BF4B-00C04F79EFBC}") = "TicTacToe.BLL.Wrapper", "TicTacToe.BLL.Wrapper\TicTacToe.BLL.Wrapper.csproj", "{B346FAFB-DD6C-4247-BF66-4DB2CF75DC9A}"
EndProject
Project("{FAE04EC0-301F-11D3-BF4B-00C04F79EFBC}") = "TicTacToeGame.MSTest", "TicTacToeGame.MSTest\TicTacToeGame.MSTest.csproj", "{E283FEF0-77E8-4BC6-A556-FF09A2F273E1}"
EndProject
Project("{9A19103F-16F7-4668-BE54-9A1E7A4F7556}") = "AspNetTicTacToe", "AspNetTicTacToe\AspNetTicTacToe.csproj", "{A3F54596-36BE-4ED1-AFF8-FBEE6538F981}"
EndProject
Project("{FAE04EC0-301F-11D3-BF4B-00C04F79EFBC}") = "TicTacToeWPF", "TicTacToeWPF\TicTacToeWPF.csproj", "{84A76975-14AE-468F-BA03-D54D897E4625}"
EndProject
Global
	GlobalSection(SolutionConfigurationPlatforms) = preSolution
		Debug|Any CPU = Debug|Any CPU
		Release|Any CPU = Release|Any CPU
	EndGlobalSection
	GlobalSection(ProjectConfigurationPlatforms) = postSolution
		{158C97A0-868A-467B-B0D8-865BBF4ED035}.Debug|Any CPU.ActiveCfg = Debug|Any CPU
		{158C97A0-868A-467B-B0D8-865BBF4ED035}.Debug|Any CPU.Build.0 = Debug|Any CPU
		{158C97A0-868A-467B-B0D8-865BBF4ED035}.Release|Any CPU.ActiveCfg = Release|Any CPU
		{158C97A0-868A-467B-B0D8-865BBF4ED035}.Release|Any CPU.Build.0 = Release|Any CPU
		{24C92EBB-0323-42A3-90DA-69733C9002F6}.Debug|Any CPU.ActiveCfg = Debug|Any CPU
		{24C92EBB-0323-42A3-90DA-69733C9002F6}.Debug|Any CPU.Build.0 = Debug|Any CPU
		{24C92EBB-0323-42A3-90DA-69733C9002F6}.Release|Any CPU.ActiveCfg = Release|Any CPU
		{24C92EBB-0323-42A3-90DA-69733C9002F6}.Release|Any CPU.Build.0 = Release|Any CPU
		{B346FAFB-DD6C-4247-BF66-4DB2CF75DC9A}.Debug|Any CPU.ActiveCfg = Debug|Any CPU
		{B346FAFB-DD6C-4247-BF66-4DB2CF75DC9A}.Debug|Any CPU.Build.0 = Debug|Any CPU
		{B346FAFB-DD6C-4247-BF66-4DB2CF75DC9A}.Release|Any CPU.ActiveCfg = Release|Any CPU
		{B346FAFB-DD6C-4247-BF66-4DB2CF75DC9A}.Release|Any CPU.Build.0 = Release|Any CPU
		{E283FEF0-77E8-4BC6-A556-FF09A2F273E1}.Debug|Any CPU.ActiveCfg = Debug|Any CPU
		{E283FEF0-77E8-4BC6-A556-FF09A2F273E1}.Debug|Any CPU.Build.0 = Debug|Any CPU
		{E283FEF0-77E8-4BC6-A556-FF09A2F273E1}.Release|Any CPU.ActiveCfg = Release|Any CPU
		{E283FEF0-77E8-4BC6-A556-FF09A2F273E1}.Release|Any CPU.Build.0 = Release|Any CPU
		{A3F54596-36BE-4ED1-AFF8-FBEE6538F981}.Debug|Any CPU.ActiveCfg = Debug|Any CPU
		{A3F54596-36BE-4ED1-AFF8-FBEE6538F981}.Debug|Any CPU.Build.0 = Debug|Any CPU
		{A3F54596-36BE-4ED1-AFF8-FBEE6538F981}.Release|Any CPU.ActiveCfg = Release|Any CPU
		{A3F54596-36BE-4ED1-AFF8-FBEE6538F981}.Release|Any CPU.Build.0 = Release|Any CPU
		{84A76975-14AE-468F-BA03-D54D897E4625}.Debug|Any CPU.ActiveCfg = Debug|Any CPU
		{84A76975-14AE-468F-BA03-D54D897E4625}.Debug|Any CPU.Build.0 = Debug|Any CPU
		{84A76975-14AE-468F-BA03-D54D897E4625}.Release|Any CPU.ActiveCfg = Release|Any CPU
		{84A76975-14AE-468F-BA03-D54D897E4625}.Release|Any CPU.Build.0 = Release|Any CPU
	EndGlobalSection
	GlobalSection(SolutionProperties) = preSolution
		HideSolutionNode = FALSE
	EndGlobalSection
	GlobalSection(ExtensibilityGlobals) = postSolution
		SolutionGuid = {9EC88906-EEE0-4001-A7A3-3DC75A6F99D2}
	EndGlobalSection
EndGlobal
