
Microsoft Visual Studio Solution File, Format Version 12.00
# Visual Studio Version 17
VisualStudioVersion = 17.0.32112.339
MinimumVisualStudioVersion = 10.0.40219.1
Project("{FAE04EC0-301F-11D3-BF4B-00C04F79EFBC}") = "GameStreamer.Backend", "GameStreamer.Backend.csproj", "{EECC6A9F-C859-4D85-8358-1716E98ECB25}"
EndProject
Global
	GlobalSection(SolutionConfigurationPlatforms) = preSolution
		Debug|Any CPU = Debug|Any CPU
		Release|Any CPU = Release|Any CPU
	EndGlobalSection
	GlobalSection(ProjectConfigurationPlatforms) = postSolution
		{EECC6A9F-C859-4D85-8358-1716E98ECB25}.Debug|Any CPU.ActiveCfg = Debug|Any CPU
		{EECC6A9F-C859-4D85-8358-1716E98ECB25}.Debug|Any CPU.Build.0 = Debug|Any CPU
		{EECC6A9F-C859-4D85-8358-1716E98ECB25}.Release|Any CPU.ActiveCfg = Release|Any CPU
		{EECC6A9F-C859-4D85-8358-1716E98ECB25}.Release|Any CPU.Build.0 = Release|Any CPU
	EndGlobalSection
	GlobalSection(SolutionProperties) = preSolution
		HideSolutionNode = FALSE
	EndGlobalSection
	GlobalSection(ExtensibilityGlobals) = postSolution
		SolutionGuid = {69F50C04-E687-46C8-ADE3-40E8D28C4A12}
	EndGlobalSection
EndGlobal
